PODS:
  - FlutterMacOS (1.0.0)
  - lnanogpt (0.0.1):
    - FlutterMacOS

DEPENDENCIES:
  - FlutterMacOS (from `Flutter/ephemeral`)
  - lnanogpt (from `Flutter/ephemeral/.symlinks/plugins/lnanogpt/macos`)

EXTERNAL SOURCES:
  FlutterMacOS:
    :path: Flutter/ephemeral
  lnanogpt:
    :path: Flutter/ephemeral/.symlinks/plugins/lnanogpt/macos

SPEC CHECKSUMS:
  FlutterMacOS: d0db08ddef1a9af05a5ec4b724367152bb0500b1
  lnanogpt: 8eaba4f67b263a9b5f55a92443e621ec54394ebf

PODFILE CHECKSUM: 54d867c82ac51cbd61b565781b9fada492027009

COCOAPODS: 1.16.2
